// !$*UTF8*$!
{
	archiveVersion = 1;
	classes = {
	};
	objectVersion = 77;
	objects = {

/* Begin PBXBuildFile section */
		BF2128392F15F3A800265C39 /* launch.json in Resources */ = {isa = PBXBuildFile; fileRef = BF2127BE2F15F3A800265C39 /* launch.json */; };
		BF21283A2F15F3A800265C39 /* init.sql in Resources */ = {isa = PBXBuildFile; fileRef = BF2127C02F15F3A800265C39 /* init.sql */; };
		BF21283B2F15F3A800265C39 /* jwt.go in Resources */ = {isa = PBXBuildFile; fileRef = BF2127C22F15F3A800265C39 /* jwt.go */; };
		BF21283C2F15F3A800265C39 /* middleware.go in Resources */ = {isa = PBXBuildFile; fileRef = BF2127C32F15F3A800265C39 /* middleware.go */; };
		BF21283D2F15F3A800265C39 /* password.go in Resources */ = {isa = PBXBuildFile; fileRef = BF2127C42F15F3A800265C39 /* password.go */; };
		BF21283E2F15F3A800265C39 /* config.go in Resources */ = {isa = PBXBuildFile; fileRef = BF2127C62F15F3A800265C39 /* config.go */; };
		BF21283F2F15F3A800265C39 /* db.go in Resources */ = {isa = PBXBuildFile; fileRef = BF2127C82F15F3A800265C39 /* db.go */; };
		BF2128402F15F3A800265C39 /* migrate.go in Resources */ = {isa = PBXBuildFile; fileRef = BF2127C92F15F3A800265C39 /* migrate.go */; };
		BF2128412F15F3A800265C39 /* auth.go in Resources */ = {isa = PBXBuildFile; fileRef = BF2127CB2F15F3A800265C39 /* auth.go */; };
		BF2128422F15F3A800265C39 /* me.go in Resources */ = {isa = PBXBuildFile; fileRef = BF2127CC2F15F3A800265C39 /* me.go */; };
		BF2128432F15F3A800265C39 /* util.go in Resources */ = {isa = PBXBuildFile; fileRef = BF2127CD2F15F3A800265C39 /* util.go */; };
		BF2128442F15F3A800265C39 /* __debug_bin2688398383 in Resources */ = {isa = PBXBuildFile; fileRef = BF2127D02F15F3A800265C39 /* __debug_bin2688398383 */; };
		BF2128452F15F3A800265C39 /* .env in Resources */ = {isa = PBXBuildFile; fileRef = BF2127D12F15F3A800265C39 /* .env */; };
		BF2128462F15F3A800265C39 /* go.mod in Resources */ = {isa = PBXBuildFile; fileRef = BF2127D22F15F3A800265C39 /* go.mod */; };
		BF2128472F15F3A800265C39 /* go.sum in Resources */ = {isa = PBXBuildFile; fileRef = BF2127D32F15F3A800265C39 /* go.sum */; };
		BF2128482F15F3A800265C39 /* main.go in Resources */ = {isa = PBXBuildFile; fileRef = BF2127D42F15F3A800265C39 /* main.go */; };
		BF21284B2F15F3A800265C39 /* Assets.xcassets in Resources */ = {isa = PBXBuildFile; fileRef = BF21280E2F15F3A800265C39 /* Assets.xcassets */; };
/* End PBXBuildFile section */

/* Begin PBXFileReference section */
		BF2127BE2F15F3A800265C39 /* launch.json */ = {isa = PBXFileReference; lastKnownFileType = text.json; path = launch.json; sourceTree = "<group>"; };
		BF2127C02F15F3A800265C39 /* init.sql */ = {isa = PBXFileReference; lastKnownFileType = text; path = init.sql; sourceTree = "<group>"; };
		BF2127C22F15F3A800265C39 /* jwt.go */ = {isa = PBXFileReference; lastKnownFileType = text; path = jwt.go; sourceTree = "<group>"; };
		BF2127C32F15F3A800265C39 /* middleware.go */ = {isa = PBXFileReference; lastKnownFileType = text; path = middleware.go; sourceTree = "<group>"; };
		BF2127C42F15F3A800265C39 /* password.go */ = {isa = PBXFileReference; lastKnownFileType = text; path = password.go; sourceTree = "<group>"; };
		BF2127C62F15F3A800265C39 /* config.go */ = {isa = PBXFileReference; lastKnownFileType = text; path = config.go; sourceTree = "<group>"; };
		BF2127C82F15F3A800265C39 /* db.go */ = {isa = PBXFileReference; lastKnownFileType = text; path = db.go; sourceTree = "<group>"; };
		BF2127C92F15F3A800265C39 /* migrate.go */ = {isa = PBXFileReference; lastKnownFileType = text; path = migrate.go; sourceTree = "<group>"; };
		BF2127CB2F15F3A800265C39 /* auth.go */ = {isa = PBXFileReference; lastKnownFileType = text; path = auth.go; sourceTree = "<group>"; };
		BF2127CC2F15F3A800265C39 /* me.go */ = {isa = PBXFileReference; lastKnownFileType = text; path = me.go; sourceTree = "<group>"; };
		BF2127CD2F15F3A800265C39 /* util.go */ = {isa = PBXFileReference; lastKnownFileType = text; path = util.go; sourceTree = "<group>"; };
		BF2127D02F15F3A800265C39 /* __debug_bin2688398383 */ = {isa = PBXFileReference; lastKnownFileType = "compiled.mach-o.executable"; path = __debug_bin2688398383; sourceTree = "<group>"; };
		BF2127D12F15F3A800265C39 /* .env */ = {isa = PBXFileReference; lastKnownFileType = text; path = .env; sourceTree = "<group>"; };
		BF2127D22F15F3A800265C39 /* go.mod */ = {isa = PBXFileReference; lastKnownFileType = text; path = go.mod; sourceTree = "<group>"; };
		BF2127D32F15F3A800265C39 /* go.sum */ = {isa = PBXFileReference; lastKnownFileType = text; path = go.sum; sourceTree = "<group>"; };
		BF2127D42F15F3A800265C39 /* main.go */ = {isa = PBXFileReference; lastKnownFileType = text; path = main.go; sourceTree = "<group>"; };
		BF2127D72F15F3A800265C39 /* AppState.swift */ = {isa = PBXFileReference; lastKnownFileType = sourcecode.swift; path = AppState.swift; sourceTree = "<group>"; };
		BF2127D82F15F3A800265C39 /* RoadmateApp.swift */ = {isa = PBXFileReference; lastKnownFileType = sourcecode.swift; path = RoadmateApp.swift; sourceTree = "<group>"; };
		BF2127D92F15F3A800265C39 /* SessionState.swift */ = {isa = PBXFileReference; lastKnownFileType = sourcecode.swift; path = SessionState.swift; sourceTree = "<group>"; };
		BF2127DB2F15F3A800265C39 /* Project.swift */ = {isa = PBXFileReference; lastKnownFileType = sourcecode.swift; path = Project.swift; sourceTree = "<group>"; };
		BF2127DC2F15F3A800265C39 /* ProjectMember.swift */ = {isa = PBXFileReference; lastKnownFileType = sourcecode.swift; path = ProjectMember.swift; sourceTree = "<group>"; };
		BF2127DD2F15F3A800265C39 /* TaskItem.swift */ = {isa = PBXFileReference; lastKnownFileType = sourcecode.swift; path = TaskItem.swift; sourceTree = "<group>"; };
		BF2127DE2F15F3A800265C39 /* UserProfile.swift */ = {isa = PBXFileReference; lastKnownFileType = sourcecode.swift; path = UserProfile.swift; sourceTree = "<group>"; };
		BF2127E12F15F3A800265C39 /* AuthService.swift */ = {isa = PBXFileReference; lastKnownFileType = sourcecode.swift; path = AuthService.swift; sourceTree = "<group>"; };
		BF2127E22F15F3A800265C39 /* KeychainService.swift */ = {isa = PBXFileReference; lastKnownFileType = sourcecode.swift; path = KeychainService.swift; sourceTree = "<group>"; };
		BF2127E32F15F3A800265C39 /* ProfileService.swift */ = {isa = PBXFileReference; lastKnownFileType = sourcecode.swift; path = ProfileService.swift; sourceTree = "<group>"; };
		BF2127E42F15F3A800265C39 /* ProfileStore.swift */ = {isa = PBXFileReference; lastKnownFileType = sourcecode.swift; path = ProfileStore.swift; sourceTree = "<group>"; };
		BF2127E52F15F3A800265C39 /* ProjectStore.swift */ = {isa = PBXFileReference; lastKnownFileType = sourcecode.swift; path = ProjectStore.swift; sourceTree = "<group>"; };
		BF2127E82F15F3A800265C39 /* LoginView.swift */ = {isa = PBXFileReference; lastKnownFileType = sourcecode.swift; path = LoginView.swift; sourceTree = "<group>"; };
		BF2127E92F15F3A800265C39 /* SignupView.swift */ = {isa = PBXFileReference; lastKnownFileType = sourcecode.swift; path = SignupView.swift; sourceTree = "<group>"; };
		BF2127EB2F15F3A800265C39 /* EmptyStateView.swift */ = {isa = PBXFileReference; lastKnownFileType = sourcecode.swift; path = EmptyStateView.swift; sourceTree = "<group>"; };
		BF2127EC2F15F3A800265C39 /* FlowLayout.swift */ = {isa = PBXFileReference; lastKnownFileType = sourcecode.swift; path = FlowLayout.swift; sourceTree = "<group>"; };
		BF2127EE2F15F3A800265C39 /* AddEducationView.swift */ = {isa = PBXFileReference; lastKnownFileType = sourcecode.swift; path = AddEducationView.swift; sourceTree = "<group>"; };
		BF2127EF2F15F3A800265C39 /* AddSkillView.swift */ = {isa = PBXFileReference; lastKnownFileType = sourcecode.swift; path = AddSkillView.swift; sourceTree = "<group>"; };
		BF2127F02F15F3A800265C39 /* EditEducationView.swift */ = {isa = PBXFileReference; lastKnownFileType = sourcecode.swift; path = EditEducationView.swift; sourceTree = "<group>"; };
		BF2127F12F15F3A800265C39 /* EditProfileView.swift */ = {isa = PBXFileReference; lastKnownFileType = sourcecode.swift; path = EditProfileView.swift; sourceTree = "<group>"; };
		BF2127F22F15F3A800265C39 /* EditSkillView.swift */ = {isa = PBXFileReference; lastKnownFileType = sourcecode.swift; path = EditSkillView.swift; sourceTree = "<group>"; };
		BF2127F32F15F3A800265C39 /* ManageProjectsView.swift */ = {isa = PBXFileReference; lastKnownFileType = sourcecode.swift; path = ManageProjectsView.swift; sourceTree = "<group>"; };
		BF2127F42F15F3A800265C39 /* ManageSkillView.swift */ = {isa = PBXFileReference; lastKnownFileType = sourcecode.swift; path = ManageSkillView.swift; sourceTree = "<group>"; };
		BF2127F52F15F3A800265C39 /* ProfileView.swift */ = {isa = PBXFileReference; lastKnownFileType = sourcecode.swift; path = ProfileView.swift; sourceTree = "<group>"; };
		BF2127F62F15F3A800265C39 /* SkillRow.swift */ = {isa = PBXFileReference; lastKnownFileType = sourcecode.swift; path = SkillRow.swift; sourceTree = "<group>"; };
		BF2127F82F15F3A800265C39 /* AddMemberView.swift */ = {isa = PBXFileReference; lastKnownFileType = sourcecode.swift; path = AddMemberView.swift; sourceTree = "<group>"; };
		BF2127F92F15F3A800265C39 /* AddTaskView.swift */ = {isa = PBXFileReference; lastKnownFileType = sourcecode.swift; path = AddTaskView.swift; sourceTree = "<group>"; };
		BF2127FA2F15F3A800265C39 /* AllProjectsGridView.swift */ = {isa = PBXFileReference; lastKnownFileType = sourcecode.swift; path = AllProjectsGridView.swift; sourceTree = "<group>"; };
		BF2127FB2F15F3A800265C39 /* CreateProjectView.swift */ = {isa = PBXFileReference; lastKnownFileType = sourcecode.swift; path = CreateProjectView.swift; sourceTree = "<group>"; };
		BF2127FC2F15F3A800265C39 /* EditProjectView.swift */ = {isa = PBXFileReference; lastKnownFileType = sourcecode.swift; path = EditProjectView.swift; sourceTree = "<group>"; };
		BF2127FD2F15F3A800265C39 /* EditTaskView.swift */ = {isa = PBXFileReference; lastKnownFileType = sourcecode.swift; path = EditTaskView.swift; sourceTree = "<group>"; };
		BF2127FE2F15F3A800265C39 /* MemberRow.swift */ = {isa = PBXFileReference; lastKnownFileType = sourcecode.swift; path = MemberRow.swift; sourceTree = "<group>"; };
		BF2127FF2F15F3A800265C39 /* ProjectBoardView.swift */ = {isa = PBXFileReference; lastKnownFileType = sourcecode.swift; path = ProjectBoardView.swift; sourceTree = "<group>"; };
		BF2128002F15F3A800265C39 /* ProjectDetailView.swift */ = {isa = PBXFileReference; lastKnownFileType = sourcecode.swift; path = ProjectDetailView.swift; sourceTree = "<group>"; };
		BF2128012F15F3A800265C39 /* ProjectMembersView.swift */ = {isa = PBXFileReference; lastKnownFileType = sourcecode.swift; path = ProjectMembersView.swift; sourceTree = "<group>"; };
		BF2128022F15F3A800265C39 /* ProjectOverviewView.swift */ = {isa = PBXFileReference; lastKnownFileType = sourcecode.swift; path = ProjectOverviewView.swift; sourceTree = "<group>"; };
		BF2128032F15F3A800265C39 /* ProjectsListView.swift */ = {isa = PBXFileReference; lastKnownFileType = sourcecode.swift; path = ProjectsListView.swift; sourceTree = "<group>"; };
		BF2128042F15F3A800265C39 /* ProjectTile.swift */ = {isa = PBXFileReference; lastKnownFileType = sourcecode.swift; path = ProjectTile.swift; sourceTree = "<group>"; };
		BF2128052F15F3A800265C39 /* TaskCardView.swift */ = {isa = PBXFileReference; lastKnownFileType = sourcecode.swift; path = TaskCardView.swift; sourceTree = "<group>"; };
		BF2128072F15F3A800265C39 /* SidebarView.swift */ = {isa = PBXFileReference; lastKnownFileType = sourcecode.swift; path = SidebarView.swift; sourceTree = "<group>"; };
		BF2128092F15F3A800265C39 /* RootView.swift */ = {isa = PBXFileReference; lastKnownFileType = sourcecode.swift; path = RootView.swift; sourceTree = "<group>"; };
		BF21280B2F15F3A800265C39 /* Assets.xcassets */ = {isa = PBXFileReference; lastKnownFileType = folder.assetcatalog; path = Assets.xcassets; sourceTree = "<group>"; };
		BF21280C2F15F3A800265C39 /* Development.xcconfig */ = {isa = PBXFileReference; lastKnownFileType = text.xcconfig; path = Development.xcconfig; sourceTree = "<group>"; };
		BF21280E2F15F3A800265C39 /* Assets.xcassets */ = {isa = PBXFileReference; lastKnownFileType = folder.assetcatalog; path = Assets.xcassets; sourceTree = "<group>"; };
		BF736B562F15F32700A45399 /* Roadmate.app */ = {isa = PBXFileReference; explicitFileType = wrapper.application; includeInIndex = 0; path = Roadmate.app; sourceTree = BUILT_PRODUCTS_DIR; };
/* End PBXFileReference section */

/* Begin PBXFrameworksBuildPhase section */
		BF736B532F15F32700A45399 /* Frameworks */ = {
			isa = PBXFrameworksBuildPhase;
			buildActionMask = 2147483647;
			files = (
			);
			runOnlyForDeploymentPostprocessing = 0;
		};
/* End PBXFrameworksBuildPhase section */

/* Begin PBXGroup section */
		BF2127BF2F15F3A800265C39 /* .vscode */ = {
			isa = PBXGroup;
			children = (
				BF2127BE2F15F3A800265C39 /* launch.json */,
			);
			path = .vscode;
			sourceTree = "<group>";
		};
		BF2127C12F15F3A800265C39 /* db */ = {
			isa = PBXGroup;
			children = (
				BF2127C02F15F3A800265C39 /* init.sql */,
			);
			path = db;
			sourceTree = "<group>";
		};
		BF2127C52F15F3A800265C39 /* auth */ = {
			isa = PBXGroup;
			children = (
				BF2127C22F15F3A800265C39 /* jwt.go */,
				BF2127C32F15F3A800265C39 /* middleware.go */,
				BF2127C42F15F3A800265C39 /* password.go */,
			);
			path = auth;
			sourceTree = "<group>";
		};
		BF2127C72F15F3A800265C39 /* config */ = {
			isa = PBXGroup;
			children = (
				BF2127C62F15F3A800265C39 /* config.go */,
			);
			path = config;
			sourceTree = "<group>";
		};
		BF2127CA2F15F3A800265C39 /* db */ = {
			isa = PBXGroup;
			children = (
				BF2127C82F15F3A800265C39 /* db.go */,
				BF2127C92F15F3A800265C39 /* migrate.go */,
			);
			path = db;
			sourceTree = "<group>";
		};
		BF2127CE2F15F3A800265C39 /* handlers */ = {
			isa = PBXGroup;
			children = (
				BF2127CB2F15F3A800265C39 /* auth.go */,
				BF2127CC2F15F3A800265C39 /* me.go */,
				BF2127CD2F15F3A800265C39 /* util.go */,
			);
			path = handlers;
			sourceTree = "<group>";
		};
		BF2127CF2F15F3A800265C39 /* internal */ = {
			isa = PBXGroup;
			children = (
				BF2127C52F15F3A800265C39 /* auth */,
				BF2127C72F15F3A800265C39 /* config */,
				BF2127CA2F15F3A800265C39 /* db */,
				BF2127CE2F15F3A800265C39 /* handlers */,
			);
			path = internal;
			sourceTree = "<group>";
		};
		BF2127D52F15F3A800265C39 /* Backend */ = {
			isa = PBXGroup;
			children = (
				BF2127BF2F15F3A800265C39 /* .vscode */,
				BF2127C12F15F3A800265C39 /* db */,
				BF2127CF2F15F3A800265C39 /* internal */,
				BF2127D02F15F3A800265C39 /* __debug_bin2688398383 */,
				BF2127D12F15F3A800265C39 /* .env */,
				BF2127D22F15F3A800265C39 /* go.mod */,
				BF2127D32F15F3A800265C39 /* go.sum */,
				BF2127D42F15F3A800265C39 /* main.go */,
			);
			path = Backend;
			sourceTree = "<group>";
		};
		BF2127D62F15F3A800265C39 /* AI */ = {
			isa = PBXGroup;
			children = (
			);
			path = AI;
			sourceTree = "<group>";
		};
		BF2127DA2F15F3A800265C39 /* App */ = {
			isa = PBXGroup;
			children = (
				BF2127D72F15F3A800265C39 /* AppState.swift */,
				BF2127D82F15F3A800265C39 /* RoadmateApp.swift */,
				BF2127D92F15F3A800265C39 /* SessionState.swift */,
			);
			path = App;
			sourceTree = "<group>";
		};
		BF2127DF2F15F3A800265C39 /* Models */ = {
			isa = PBXGroup;
			children = (
				BF2127DB2F15F3A800265C39 /* Project.swift */,
				BF2127DC2F15F3A800265C39 /* ProjectMember.swift */,
				BF2127DD2F15F3A800265C39 /* TaskItem.swift */,
				BF2127DE2F15F3A800265C39 /* UserProfile.swift */,
			);
			path = Models;
			sourceTree = "<group>";
		};
		BF2127E02F15F3A800265C39 /* Resources */ = {
			isa = PBXGroup;
			children = (
			);
			path = Resources;
			sourceTree = "<group>";
		};
		BF2127E62F15F3A800265C39 /* Services */ = {
			isa = PBXGroup;
			children = (
				BF2127E12F15F3A800265C39 /* AuthService.swift */,
				BF2127E22F15F3A800265C39 /* KeychainService.swift */,
				BF2127E32F15F3A800265C39 /* ProfileService.swift */,
				BF2127E42F15F3A800265C39 /* ProfileStore.swift */,
				BF2127E52F15F3A800265C39 /* ProjectStore.swift */,
			);
			path = Services;
			sourceTree = "<group>";
		};
		BF2127E72F15F3A800265C39 /* Utilities */ = {
			isa = PBXGroup;
			children = (
			);
			path = Utilities;
			sourceTree = "<group>";
		};
		BF2127EA2F15F3A800265C39 /* Auth */ = {
			isa = PBXGroup;
			children = (
				BF2127E82F15F3A800265C39 /* LoginView.swift */,
				BF2127E92F15F3A800265C39 /* SignupView.swift */,
			);
			path = Auth;
			sourceTree = "<group>";
		};
		BF2127ED2F15F3A800265C39 /* Components */ = {
			isa = PBXGroup;
			children = (
				BF2127EB2F15F3A800265C39 /* EmptyStateView.swift */,
				BF2127EC2F15F3A800265C39 /* FlowLayout.swift */,
			);
			path = Components;
			sourceTree = "<group>";
		};
		BF2127F72F15F3A800265C39 /* Profiles */ = {
			isa = PBXGroup;
			children = (
				BF2127EE2F15F3A800265C39 /* AddEducationView.swift */,
				BF2127EF2F15F3A800265C39 /* AddSkillView.swift */,
				BF2127F02F15F3A800265C39 /* EditEducationView.swift */,
				BF2127F12F15F3A800265C39 /* EditProfileView.swift */,
				BF2127F22F15F3A800265C39 /* EditSkillView.swift */,
				BF2127F32F15F3A800265C39 /* ManageProjectsView.swift */,
				BF2127F42F15F3A800265C39 /* ManageSkillView.swift */,
				BF2127F52F15F3A800265C39 /* ProfileView.swift */,
				BF2127F62F15F3A800265C39 /* SkillRow.swift */,
			);
			path = Profiles;
			sourceTree = "<group>";
		};
		BF2128062F15F3A800265C39 /* Projects */ = {
			isa = PBXGroup;
			children = (
				BF2127F82F15F3A800265C39 /* AddMemberView.swift */,
				BF2127F92F15F3A800265C39 /* AddTaskView.swift */,
				BF2127FA2F15F3A800265C39 /* AllProjectsGridView.swift */,
				BF2127FB2F15F3A800265C39 /* CreateProjectView.swift */,
				BF2127FC2F15F3A800265C39 /* EditProjectView.swift */,
				BF2127FD2F15F3A800265C39 /* EditTaskView.swift */,
				BF2127FE2F15F3A800265C39 /* MemberRow.swift */,
				BF2127FF2F15F3A800265C39 /* ProjectBoardView.swift */,
				BF2128002F15F3A800265C39 /* ProjectDetailView.swift */,
				BF2128012F15F3A800265C39 /* ProjectMembersView.swift */,
				BF2128022F15F3A800265C39 /* ProjectOverviewView.swift */,
				BF2128032F15F3A800265C39 /* ProjectsListView.swift */,
				BF2128042F15F3A800265C39 /* ProjectTile.swift */,
				BF2128052F15F3A800265C39 /* TaskCardView.swift */,
			);
			path = Projects;
			sourceTree = "<group>";
		};
		BF2128082F15F3A800265C39 /* Sidebar */ = {
			isa = PBXGroup;
			children = (
				BF2128072F15F3A800265C39 /* SidebarView.swift */,
			);
			path = Sidebar;
			sourceTree = "<group>";
		};
		BF21280A2F15F3A800265C39 /* Views */ = {
			isa = PBXGroup;
			children = (
				BF2127EA2F15F3A800265C39 /* Auth */,
				BF2127ED2F15F3A800265C39 /* Components */,
				BF2127F72F15F3A800265C39 /* Profiles */,
				BF2128062F15F3A800265C39 /* Projects */,
				BF2128082F15F3A800265C39 /* Sidebar */,
				BF2128092F15F3A800265C39 /* RootView.swift */,
			);
			path = Views;
			sourceTree = "<group>";
		};
		BF21280D2F15F3A800265C39 /* Frontend */ = {
			isa = PBXGroup;
			children = (
				BF2127D62F15F3A800265C39 /* AI */,
				BF2127DA2F15F3A800265C39 /* App */,
				BF2127DF2F15F3A800265C39 /* Models */,
				BF2127E02F15F3A800265C39 /* Resources */,
				BF2127E62F15F3A800265C39 /* Services */,
				BF2127E72F15F3A800265C39 /* Utilities */,
				BF21280A2F15F3A800265C39 /* Views */,
				BF21280B2F15F3A800265C39 /* Assets.xcassets */,
				BF21280C2F15F3A800265C39 /* Development.xcconfig */,
			);
			path = Frontend;
			sourceTree = "<group>";
		};
		BF21280F2F15F3A800265C39 /* Roadmate */ = {
			isa = PBXGroup;
			children = (
				BF2127D52F15F3A800265C39 /* Backend */,
				BF21280D2F15F3A800265C39 /* Frontend */,
				BF21280E2F15F3A800265C39 /* Assets.xcassets */,
			);
			path = Roadmate;
			sourceTree = "<group>";
		};
		BF3097F52F10678A0093A6D9 = {
			isa = PBXGroup;
			children = (
				BF21280F2F15F3A800265C39 /* Roadmate */,
				BF3097FF2F10678A0093A6D9 /* Products */,
			);
			sourceTree = "<group>";
		};
		BF3097FF2F10678A0093A6D9 /* Products */ = {
			isa = PBXGroup;
			children = (
				BF736B562F15F32700A45399 /* Roadmate.app */,
			);
			name = Products;
			sourceTree = "<group>";
		};
/* End PBXGroup section */

/* Begin PBXNativeTarget section */
		BF736B552F15F32700A45399 /* Roadmate */ = {
			isa = PBXNativeTarget;
			buildConfigurationList = BF736B5E2F15F32800A45399 /* Build configuration list for PBXNativeTarget "Roadmate" */;
			buildPhases = (
				BF736B522F15F32700A45399 /* Sources */,
				BF736B532F15F32700A45399 /* Frameworks */,
				BF736B542F15F32700A45399 /* Resources */,
			);
			buildRules = (
			);
			dependencies = (
			);
			name = Roadmate;
			packageProductDependencies = (
			);
			productName = Roadmate;
			productReference = BF736B562F15F32700A45399 /* Roadmate.app */;
			productType = "com.apple.product-type.application";
		};
/* End PBXNativeTarget section */

/* Begin PBXProject section */
		BF3097F62F10678A0093A6D9 /* Project object */ = {
			isa = PBXProject;
			attributes = {
				BuildIndependentTargetsInParallel = 1;
				LastSwiftUpdateCheck = 2620;
				LastUpgradeCheck = 2620;
				TargetAttributes = {
					BF736B552F15F32700A45399 = {
						CreatedOnToolsVersion = 26.2;
					};
				};
			};
			buildConfigurationList = BF3097F92F10678A0093A6D9 /* Build configuration list for PBXProject "Roadmate" */;
			developmentRegion = en;
			hasScannedForEncodings = 0;
			knownRegions = (
				en,
				Base,
			);
			mainGroup = BF3097F52F10678A0093A6D9;
			minimizedProjectReferenceProxies = 1;
			preferredProjectObjectVersion = 77;
			productRefGroup = BF3097FF2F10678A0093A6D9 /* Products */;
			projectDirPath = "";
			projectRoot = "";
			targets = (
				BF736B552F15F32700A45399 /* Roadmate */,
			);
		};
/* End PBXProject section */

/* Begin PBXResourcesBuildPhase section */
		BF736B542F15F32700A45399 /* Resources */ = {
			isa = PBXResourcesBuildPhase;
			buildActionMask = 2147483647;
			files = (
				BF2128392F15F3A800265C39 /* launch.json in Resources */,
				BF21283A2F15F3A800265C39 /* init.sql in Resources */,
				BF21283B2F15F3A800265C39 /* jwt.go in Resources */,
				BF21283C2F15F3A800265C39 /* middleware.go in Resources */,
				BF21283D2F15F3A800265C39 /* password.go in Resources */,
				BF21283E2F15F3A800265C39 /* config.go in Resources */,
				BF21283F2F15F3A800265C39 /* db.go in Resources */,
				BF2128402F15F3A800265C39 /* migrate.go in Resources */,
				BF2128412F15F3A800265C39 /* auth.go in Resources */,
				BF2128422F15F3A800265C39 /* me.go in Resources */,
				BF2128432F15F3A800265C39 /* util.go in Resources */,
				BF2128442F15F3A800265C39 /* __debug_bin2688398383 in Resources */,
				BF2128452F15F3A800265C39 /* .env in Resources */,
				BF2128462F15F3A800265C39 /* go.mod in Resources */,
				BF2128472F15F3A800265C39 /* go.sum in Resources */,
				BF2128482F15F3A800265C39 /* main.go in Resources */,
				BF21284B2F15F3A800265C39 /* Assets.xcassets in Resources */,
			);
			runOnlyForDeploymentPostprocessing = 0;
		};
/* End PBXResourcesBuildPhase section */

/* Begin PBXSourcesBuildPhase section */
		BF736B522F15F32700A45399 /* Sources */ = {
			isa = PBXSourcesBuildPhase;
			buildActionMask = 2147483647;
			files = (
			);
			runOnlyForDeploymentPostprocessing = 0;
		};
/* End PBXSourcesBuildPhase section */

/* Begin XCBuildConfiguration section */
		BF3098072F10678B0093A6D9 /* Debug */ = {
			isa = XCBuildConfiguration;
			buildSettings = {
				ALWAYS_SEARCH_USER_PATHS = NO;
				ASSETCATALOG_COMPILER_GENERATE_SWIFT_ASSET_SYMBOL_EXTENSIONS = YES;
				CLANG_ANALYZER_NONNULL = YES;
				CLANG_ANALYZER_NUMBER_OBJECT_CONVERSION = YES_AGGRESSIVE;
				CLANG_CXX_LANGUAGE_STANDARD = "gnu++20";
				CLANG_ENABLE_MODULES = YES;
				CLANG_ENABLE_OBJC_ARC = YES;
				CLANG_ENABLE_OBJC_WEAK = YES;
				CLANG_WARN_BLOCK_CAPTURE_AUTORELEASING = YES;
				CLANG_WARN_BOOL_CONVERSION = YES;
				CLANG_WARN_COMMA = YES;
				CLANG_WARN_CONSTANT_CONVERSION = YES;
				CLANG_WARN_DEPRECATED_OBJC_IMPLEMENTATIONS = YES;
				CLANG_WARN_DIRECT_OBJC_ISA_USAGE = YES_ERROR;
				CLANG_WARN_DOCUMENTATION_COMMENTS = YES;
				CLANG_WARN_EMPTY_BODY = YES;
				CLANG_WARN_ENUM_CONVERSION = YES;
				CLANG_WARN_INFINITE_RECURSION = YES;
				CLANG_WARN_INT_CONVERSION = YES;
				CLANG_WARN_NON_LITERAL_NULL_CONVERSION = YES;
				CLANG_WARN_OBJC_IMPLICIT_RETAIN_SELF = YES;
				CLANG_WARN_OBJC_LITERAL_CONVERSION = YES;
				CLANG_WARN_OBJC_ROOT_CLASS = YES_ERROR;
				CLANG_WARN_QUOTED_INCLUDE_IN_FRAMEWORK_HEADER = YES;
				CLANG_WARN_RANGE_LOOP_ANALYSIS = YES;
				CLANG_WARN_STRICT_PROTOTYPES = YES;
				CLANG_WARN_SUSPICIOUS_MOVE = YES;
				CLANG_WARN_UNGUARDED_AVAILABILITY = YES_AGGRESSIVE;
				CLANG_WARN_UNREACHABLE_CODE = YES;
				CLANG_WARN__DUPLICATE_METHOD_MATCH = YES;
				COPY_PHASE_STRIP = NO;
				DEBUG_INFORMATION_FORMAT = dwarf;
				DEVELOPMENT_TEAM = D5ZHG97BYR;
				ENABLE_STRICT_OBJC_MSGSEND = YES;
				ENABLE_TESTABILITY = YES;
				ENABLE_USER_SCRIPT_SANDBOXING = YES;
				GCC_C_LANGUAGE_STANDARD = gnu17;
				GCC_DYNAMIC_NO_PIC = NO;
				GCC_NO_COMMON_BLOCKS = YES;
				GCC_OPTIMIZATION_LEVEL = 0;
				GCC_PREPROCESSOR_DEFINITIONS = (
					"DEBUG=1",
					"$(inherited)",
				);
				GCC_WARN_64_TO_32_BIT_CONVERSION = YES;
				GCC_WARN_ABOUT_RETURN_TYPE = YES_ERROR;
				GCC_WARN_UNDECLARED_SELECTOR = YES;
				GCC_WARN_UNINITIALIZED_AUTOS = YES_AGGRESSIVE;
				GCC_WARN_UNUSED_FUNCTION = YES;
				GCC_WARN_UNUSED_VARIABLE = YES;
				LOCALIZATION_PREFERS_STRING_CATALOGS = YES;
				MACOSX_DEPLOYMENT_TARGET = 26.2;
				MTL_ENABLE_DEBUG_INFO = INCLUDE_SOURCE;
				MTL_FAST_MATH = YES;
				ONLY_ACTIVE_ARCH = YES;
				SDKROOT = macosx;
				SWIFT_ACTIVE_COMPILATION_CONDITIONS = "DEBUG $(inherited)";
				SWIFT_OPTIMIZATION_LEVEL = "-Onone";
			};
			name = Debug;
		};
		BF3098082F10678B0093A6D9 /* Release */ = {
			isa = XCBuildConfiguration;
			buildSettings = {
				ALWAYS_SEARCH_USER_PATHS = NO;
				ASSETCATALOG_COMPILER_GENERATE_SWIFT_ASSET_SYMBOL_EXTENSIONS = YES;
				CLANG_ANALYZER_NONNULL = YES;
				CLANG_ANALYZER_NUMBER_OBJECT_CONVERSION = YES_AGGRESSIVE;
				CLANG_CXX_LANGUAGE_STANDARD = "gnu++20";
				CLANG_ENABLE_MODULES = YES;
				CLANG_ENABLE_OBJC_ARC = YES;
				CLANG_ENABLE_OBJC_WEAK = YES;
				CLANG_WARN_BLOCK_CAPTURE_AUTORELEASING = YES;
				CLANG_WARN_BOOL_CONVERSION = YES;
				CLANG_WARN_COMMA = YES;
				CLANG_WARN_CONSTANT_CONVERSION = YES;
				CLANG_WARN_DEPRECATED_OBJC_IMPLEMENTATIONS = YES;
				CLANG_WARN_DIRECT_OBJC_ISA_USAGE = YES_ERROR;
				CLANG_WARN_DOCUMENTATION_COMMENTS = YES;
				CLANG_WARN_EMPTY_BODY = YES;
				CLANG_WARN_ENUM_CONVERSION = YES;
				CLANG_WARN_INFINITE_RECURSION = YES;
				CLANG_WARN_INT_CONVERSION = YES;
				CLANG_WARN_NON_LITERAL_NULL_CONVERSION = YES;
				CLANG_WARN_OBJC_IMPLICIT_RETAIN_SELF = YES;
				CLANG_WARN_OBJC_LITERAL_CONVERSION = YES;
				CLANG_WARN_OBJC_ROOT_CLASS = YES_ERROR;
				CLANG_WARN_QUOTED_INCLUDE_IN_FRAMEWORK_HEADER = YES;
				CLANG_WARN_RANGE_LOOP_ANALYSIS = YES;
				CLANG_WARN_STRICT_PROTOTYPES = YES;
				CLANG_WARN_SUSPICIOUS_MOVE = YES;
				CLANG_WARN_UNGUARDED_AVAILABILITY = YES_AGGRESSIVE;
				CLANG_WARN_UNREACHABLE_CODE = YES;
				CLANG_WARN__DUPLICATE_METHOD_MATCH = YES;
				COPY_PHASE_STRIP = NO;
				DEBUG_INFORMATION_FORMAT = "dwarf-with-dsym";
				DEVELOPMENT_TEAM = D5ZHG97BYR;
				ENABLE_NS_ASSERTIONS = NO;
				ENABLE_STRICT_OBJC_MSGSEND = YES;
				ENABLE_USER_SCRIPT_SANDBOXING = YES;
				GCC_C_LANGUAGE_STANDARD = gnu17;
				GCC_NO_COMMON_BLOCKS = YES;
				GCC_WARN_64_TO_32_BIT_CONVERSION = YES;
				GCC_WARN_ABOUT_RETURN_TYPE = YES_ERROR;
				GCC_WARN_UNDECLARED_SELECTOR = YES;
				GCC_WARN_UNINITIALIZED_AUTOS = YES_AGGRESSIVE;
				GCC_WARN_UNUSED_FUNCTION = YES;
				GCC_WARN_UNUSED_VARIABLE = YES;
				LOCALIZATION_PREFERS_STRING_CATALOGS = YES;
				MACOSX_DEPLOYMENT_TARGET = 26.2;
				MTL_ENABLE_DEBUG_INFO = NO;
				MTL_FAST_MATH = YES;
				SDKROOT = macosx;
				SWIFT_COMPILATION_MODE = wholemodule;
			};
			name = Release;
		};
		BF736B5F2F15F32800A45399 /* Debug */ = {
			isa = XCBuildConfiguration;
			buildSettings = {
				ASSETCATALOG_COMPILER_APPICON_NAME = AppIcon;
				ASSETCATALOG_COMPILER_GLOBAL_ACCENT_COLOR_NAME = AccentColor;
				CODE_SIGN_STYLE = Automatic;
				COMBINE_HIDPI_IMAGES = YES;
				CURRENT_PROJECT_VERSION = 1;
				DEVELOPMENT_TEAM = D5ZHG97BYR;
				ENABLE_APP_SANDBOX = YES;
				ENABLE_HARDENED_RUNTIME = YES;
				ENABLE_PREVIEWS = YES;
				ENABLE_USER_SELECTED_FILES = readonly;
				GENERATE_INFOPLIST_FILE = YES;
				INFOPLIST_KEY_NSHumanReadableCopyright = "";
				LD_RUNPATH_SEARCH_PATHS = (
					"$(inherited)",
					"@executable_path/../Frameworks",
				);
				MARKETING_VERSION = 1.0;
				PRODUCT_BUNDLE_IDENTIFIER = com.LakshyaAgarwal.Roadmate;
				PRODUCT_NAME = "$(TARGET_NAME)";
				REGISTER_APP_GROUPS = YES;
				STRING_CATALOG_GENERATE_SYMBOLS = YES;
				SWIFT_APPROACHABLE_CONCURRENCY = YES;
				SWIFT_DEFAULT_ACTOR_ISOLATION = MainActor;
				SWIFT_EMIT_LOC_STRINGS = YES;
				SWIFT_UPCOMING_FEATURE_MEMBER_IMPORT_VISIBILITY = YES;
				SWIFT_VERSION = 5.0;
			};
			name = Debug;
		};
		BF736B602F15F32800A45399 /* Release */ = {
			isa = XCBuildConfiguration;
			buildSettings = {
				ASSETCATALOG_COMPILER_APPICON_NAME = AppIcon;
				ASSETCATALOG_COMPILER_GLOBAL_ACCENT_COLOR_NAME = AccentColor;
				CODE_SIGN_STYLE = Automatic;
				COMBINE_HIDPI_IMAGES = YES;
				CURRENT_PROJECT_VERSION = 1;
				DEVELOPMENT_TEAM = D5ZHG97BYR;
				ENABLE_APP_SANDBOX = YES;
				ENABLE_HARDENED_RUNTIME = YES;
				ENABLE_PREVIEWS = YES;
				ENABLE_USER_SELECTED_FILES = readonly;
				GENERATE_INFOPLIST_FILE = YES;
				INFOPLIST_KEY_NSHumanReadableCopyright = "";
				LD_RUNPATH_SEARCH_PATHS = (
					"$(inherited)",
					"@executable_path/../Frameworks",
				);
				MARKETING_VERSION = 1.0;
				PRODUCT_BUNDLE_IDENTIFIER = com.LakshyaAgarwal.Roadmate;
				PRODUCT_NAME = "$(TARGET_NAME)";
				REGISTER_APP_GROUPS = YES;
				STRING_CATALOG_GENERATE_SYMBOLS = YES;
				SWIFT_APPROACHABLE_CONCURRENCY = YES;
				SWIFT_DEFAULT_ACTOR_ISOLATION = MainActor;
				SWIFT_EMIT_LOC_STRINGS = YES;
				SWIFT_UPCOMING_FEATURE_MEMBER_IMPORT_VISIBILITY = YES;
				SWIFT_VERSION = 5.0;
			};
			name = Release;
		};
/* End XCBuildConfiguration section */

/* Begin XCConfigurationList section */
		BF3097F92F10678A0093A6D9 /* Build configuration list for PBXProject "Roadmate" */ = {
			isa = XCConfigurationList;
			buildConfigurations = (
				BF3098072F10678B0093A6D9 /* Debug */,
				BF3098082F10678B0093A6D9 /* Release */,
			);
			defaultConfigurationIsVisible = 0;
			defaultConfigurationName = Release;
		};
		BF736B5E2F15F32800A45399 /* Build configuration list for PBXNativeTarget "Roadmate" */ = {
			isa = XCConfigurationList;
			buildConfigurations = (
				BF736B5F2F15F32800A45399 /* Debug */,
				BF736B602F15F32800A45399 /* Release */,
			);
			defaultConfigurationIsVisible = 0;
			defaultConfigurationName = Release;
		};
/* End XCConfigurationList section */
	};
	rootObject = BF3097F62F10678A0093A6D9 /* Project object */;
}
